
Microsoft Visual Studio Solution File, Format Version 12.00
# Visual Studio Version 16
VisualStudioVersion = 16.0.29009.5
MinimumVisualStudioVersion = 10.0.40219.1
Project("{8BC9CEB8-8B4A-11D0-8D11-00A0C91BC942}") = "glottal-inverse", "glottal-inverse.vcxproj", "{C465312A-4DA1-4660-8A57-FF23CFA698B7}"
EndProject
Global
	GlobalSection(SolutionConfigurationPlatforms) = preSolution
		Debug|x64 = Debug|x64
		Debug|x86 = Debug|x86
		Release|x64 = Release|x64
		Release|x86 = Release|x86
	EndGlobalSection
	GlobalSection(ProjectConfigurationPlatforms) = postSolution
		{C465312A-4DA1-4660-8A57-FF23CFA698B7}.Debug|x64.ActiveCfg = Debug|x64
		{C465312A-4DA1-4660-8A57-FF23CFA698B7}.Debug|x64.Build.0 = Debug|x64
		{C465312A-4DA1-4660-8A57-FF23CFA698B7}.Debug|x86.ActiveCfg = Debug|Win32
		{C465312A-4DA1-4660-8A57-FF23CFA698B7}.Debug|x86.Build.0 = Debug|Win32
		{C465312A-4DA1-4660-8A57-FF23CFA698B7}.Release|x64.ActiveCfg = Release|x64
		{C465312A-4DA1-4660-8A57-FF23CFA698B7}.Release|x64.Build.0 = Release|x64
		{C465312A-4DA1-4660-8A57-FF23CFA698B7}.Release|x86.ActiveCfg = Release|Win32
		{C465312A-4DA1-4660-8A57-FF23CFA698B7}.Release|x86.Build.0 = Release|Win32
	EndGlobalSection
	GlobalSection(SolutionProperties) = preSolution
		HideSolutionNode = FALSE
	EndGlobalSection
	GlobalSection(ExtensibilityGlobals) = postSolution
		SolutionGuid = {6B3F8CE6-7BC1-4AAD-BBA4-69BF80A3D6EE}
	EndGlobalSection
EndGlobal
