<?xml version="1.0" encoding="utf-8"?>
<Project ToolsVersion="4.0" xmlns="http://schemas.microsoft.com/developer/msbuild/2003">
  <ItemGroup>
    <Filter Include="Source Files">
      <UniqueIdentifier>{4FC737F1-C7A5-4376-A066-2A32D752A2FF}</UniqueIdentifier>
      <Extensions>cpp;c;cc;cxx;def;odl;idl;hpj;bat;asm;asmx</Extensions>
    </Filter>
    <Filter Include="Header Files">
      <UniqueIdentifier>{93995380-89BD-4b04-88EB-625FBE52EBFB}</UniqueIdentifier>
      <Extensions>h;hh;hpp;hxx;hm;inl;inc;xsd</Extensions>
    </Filter>
    <Filter Include="Resource Files">
      <UniqueIdentifier>{67DA6AB6-F800-4c08-8B7A-83BB121AAD01}</UniqueIdentifier>
      <Extensions>rc;ico;cur;bmp;dlg;rc2;rct;bin;rgs;gif;jpg;jpeg;jpe;resx;tiff;tif;png;wav</Extensions>
    </Filter>
  </ItemGroup>
  <ItemGroup>
    <ClCompile Include="src\formants.cpp">
      <Filter>Source Files</Filter>
    </ClCompile>
    <ClCompile Include="src\gnuplot.cpp">
      <Filter>Source Files</Filter>
    </ClCompile>
    <ClCompile Include="src\iaif.cpp">
      <Filter>Source Files</Filter>
    </ClCompile>
    <ClCompile Include="src\lpc_coeffs.cpp">
      <Filter>Source Files</Filter>
    </ClCompile>
    <ClCompile Include="src\lpc_conv.cpp">
      <Filter>Source Files</Filter>
    </ClCompile>
    <ClCompile Include="src\lpc_residual.cpp">
      <Filter>Source Files</Filter>
    </ClCompile>
    <ClCompile Include="src\main.cpp">
      <Filter>Source Files</Filter>
    </ClCompile>
    <ClCompile Include="src\normalize.cpp">
      <Filter>Source Files</Filter>
    </ClCompile>
    <ClCompile Include="src\poly.cpp">
      <Filter>Source Files</Filter>
    </ClCompile>
    <ClCompile Include="src\print_iter.cpp">
      <Filter>Source Files</Filter>
    </ClCompile>
    <ClCompile Include="src\ringbuf.cpp">
      <Filter>Source Files</Filter>
    </ClCompile>
    <ClCompile Include="src\roots.cpp">
      <Filter>Source Files</Filter>
    </ClCompile>
    <ClCompile Include="src\vtl.cpp">
      <Filter>Source Files</Filter>
    </ClCompile>
    <ClCompile Include="src\audio\decoders\flac.cpp">
      <Filter>Source Files</Filter>
    </ClCompile>
    <ClCompile Include="src\audio\decoders\mp3.cpp">
      <Filter>Source Files</Filter>
    </ClCompile>
    <ClCompile Include="src\audio\decoders\wav.cpp">
      <Filter>Source Files</Filter>
    </ClCompile>
    <ClCompile Include="src\audio\file\cons_dest.cpp">
      <Filter>Source Files</Filter>
    </ClCompile>
    <ClCompile Include="src\audio\file\destroy.cpp">
      <Filter>Source Files</Filter>
    </ClCompile>
    <ClCompile Include="src\audio\file\getters.cpp">
      <Filter>Source Files</Filter>
    </ClCompile>
    <ClCompile Include="src\audio\file\has_window.cpp">
      <Filter>Source Files</Filter>
    </ClCompile>
    <ClCompile Include="src\audio\file\init.cpp">
      <Filter>Source Files</Filter>
    </ClCompile>
    <ClCompile Include="src\audio\file\load_window.cpp">
      <Filter>Source Files</Filter>
    </ClCompile>
    <ClCompile Include="src\audio\file\start_stop.cpp">
      <Filter>Source Files</Filter>
    </ClCompile>
    <ClCompile Include="src\audio\oboe\callback.cpp">
      <Filter>Source Files</Filter>
    </ClCompile>
    <ClCompile Include="src\audio\oboe\consdest.cpp">
      <Filter>Source Files</Filter>
    </ClCompile>
    <ClCompile Include="src\audio\oboe\destroy.cpp">
      <Filter>Source Files</Filter>
    </ClCompile>
    <ClCompile Include="src\audio\oboe\getters.cpp">
      <Filter>Source Files</Filter>
    </ClCompile>
    <ClCompile Include="src\audio\oboe\has_window.cpp">
      <Filter>Source Files</Filter>
    </ClCompile>
    <ClCompile Include="src\audio\oboe\init.cpp">
      <Filter>Source Files</Filter>
    </ClCompile>
    <ClCompile Include="src\audio\oboe\load_window.cpp">
      <Filter>Source Files</Filter>
    </ClCompile>
    <ClCompile Include="src\audio\oboe\start.cpp">
      <Filter>Source Files</Filter>
    </ClCompile>
    <ClCompile Include="src\audio\oboe\stop.cpp">
      <Filter>Source Files</Filter>
    </ClCompile>
    <ClCompile Include="src\audio\soundio\callback_overflow.cpp">
      <Filter>Source Files</Filter>
    </ClCompile>
    <ClCompile Include="src\audio\soundio\callback_read.cpp">
      <Filter>Source Files</Filter>
    </ClCompile>
    <ClCompile Include="src\audio\soundio\destroy.cpp">
      <Filter>Source Files</Filter>
    </ClCompile>
    <ClCompile Include="src\audio\soundio\getters.cpp">
      <Filter>Source Files</Filter>
    </ClCompile>
    <ClCompile Include="src\audio\soundio\has_window.cpp">
      <Filter>Source Files</Filter>
    </ClCompile>
    <ClCompile Include="src\audio\soundio\init.cpp">
      <Filter>Source Files</Filter>
    </ClCompile>
    <ClCompile Include="src\audio\soundio\load_window.cpp">
      <Filter>Source Files</Filter>
    </ClCompile>
    <ClCompile Include="src\audio\soundio\start_stop.cpp">
      <Filter>Source Files</Filter>
    </ClCompile>
    <ClCompile Include="src\dyprog_lf\correct_gci_glot.cpp">
      <Filter>Source Files</Filter>
    </ClCompile>
    <ClCompile Include="src\dyprog_lf\distitar.cpp">
      <Filter>Source Files</Filter>
    </ClCompile>
    <ClCompile Include="src\dyprog_lf\dyprog_lf.cpp">
      <Filter>Source Files</Filter>
    </ClCompile>
    <ClCompile Include="src\dyprog_lf\get_spec_stat.cpp">
      <Filter>Source Files</Filter>
    </ClCompile>
    <ClCompile Include="src\filter\apply.cpp">
      <Filter>Source Files</Filter>
    </ClCompile>
    <ClCompile Include="src\filter\butter_ap.cpp">
      <Filter>Source Files</Filter>
    </ClCompile>
    <ClCompile Include="src\filter\design_bilinear.cpp">
      <Filter>Source Files</Filter>
    </ClCompile>
    <ClCompile Include="src\filter\design_ss2tf.cpp">
      <Filter>Source Files</Filter>
    </ClCompile>
    <ClCompile Include="src\filter\design_tf2ss.cpp">
      <Filter>Source Files</Filter>
    </ClCompile>
    <ClCompile Include="src\filter\design_transforms.cpp">
      <Filter>Source Files</Filter>
    </ClCompile>
    <ClCompile Include="src\filter\design_zpk2ss.cpp">
      <Filter>Source Files</Filter>
    </ClCompile>
    <ClCompile Include="src\filter\design_zpk2tf.cpp">
      <Filter>Source Files</Filter>
    </ClCompile>
    <ClCompile Include="src\gci_pd\fft.cpp">
      <Filter>Source Files</Filter>
    </ClCompile>
    <ClCompile Include="src\gci_pd\gci_pd.cpp">
      <Filter>Source Files</Filter>
    </ClCompile>
    <ClCompile Include="src\gci_pd\phase_diff.cpp">
      <Filter>Source Files</Filter>
    </ClCompile>
    <ClCompile Include="src\gci_pd\reduce_vti.cpp">
      <Filter>Source Files</Filter>
    </ClCompile>
    <ClCompile Include="src\gci_pd\remove_dc.cpp">
      <Filter>Source Files</Filter>
    </ClCompile>
    <ClCompile Include="src\gci_pd\select_peaks.cpp">
      <Filter>Source Files</Filter>
    </ClCompile>
    <ClCompile Include="src\gci_pd\sym_signal.cpp">
      <Filter>Source Files</Filter>
    </ClCompile>
    <ClCompile Include="src\gci_pd\teager.cpp">
      <Filter>Source Files</Filter>
    </ClCompile>
    <ClCompile Include="src\gci_sedreams\findpeaks.cpp">
      <Filter>Source Files</Filter>
    </ClCompile>
    <ClCompile Include="src\gci_sedreams\median.cpp">
      <Filter>Source Files</Filter>
    </ClCompile>
    <ClCompile Include="src\gci_sedreams\sedreams.cpp">
      <Filter>Source Files</Filter>
    </ClCompile>
    <ClCompile Include="src\gci_sedreams\zerocrossings.cpp">
      <Filter>Source Files</Filter>
    </ClCompile>
    <ClCompile Include="src\gci_yaga\cand_find.cpp">
      <Filter>Source Files</Filter>
    </ClCompile>
    <ClCompile Include="src\gci_yaga\cand_find_nzcr.cpp">
      <Filter>Source Files</Filter>
    </ClCompile>
    <ClCompile Include="src\gci_yaga\cand_find_psp.cpp">
      <Filter>Source Files</Filter>
    </ClCompile>
    <ClCompile Include="src\gci_yaga\cand_select.cpp">
      <Filter>Source Files</Filter>
    </ClCompile>
    <ClCompile Include="src\gci_yaga\cand_select_frobs.cpp">
      <Filter>Source Files</Filter>
    </ClCompile>
    <ClCompile Include="src\gci_yaga\cand_select_norms.cpp">
      <Filter>Source Files</Filter>
    </ClCompile>
    <ClCompile Include="src\gci_yaga\cand_smoothed_wfs.cpp">
      <Filter>Source Files</Filter>
    </ClCompile>
    <ClCompile Include="src\gci_yaga\cost_calc.cpp">
      <Filter>Source Files</Filter>
    </ClCompile>
    <ClCompile Include="src\gci_yaga\cost_CP.cpp">
      <Filter>Source Files</Filter>
    </ClCompile>
    <ClCompile Include="src\gci_yaga\cost_eval.cpp">
      <Filter>Source Files</Filter>
    </ClCompile>
    <ClCompile Include="src\gci_yaga\cost_FN.cpp">
      <Filter>Source Files</Filter>
    </ClCompile>
    <ClCompile Include="src\gci_yaga\cost_khi.cpp">
      <Filter>Source Files</Filter>
    </ClCompile>
    <ClCompile Include="src\gci_yaga\cost_ncorr.cpp">
      <Filter>Source Files</Filter>
    </ClCompile>
    <ClCompile Include="src\gci_yaga\cost_ssqe.cpp">
      <Filter>Source Files</Filter>
    </ClCompile>
    <ClCompile Include="src\gci_yaga\gd.cpp">
      <Filter>Source Files</Filter>
    </ClCompile>
    <ClCompile Include="src\gci_yaga\op_cand_find.cpp">
      <Filter>Source Files</Filter>
    </ClCompile>
    <ClCompile Include="src\gci_yaga\op_cand_select.cpp">
      <Filter>Source Files</Filter>
    </ClCompile>
    <ClCompile Include="src\gci_yaga\swt.cpp">
      <Filter>Source Files</Filter>
    </ClCompile>
    <ClCompile Include="src\gci_yaga\yaga.cpp">
      <Filter>Source Files</Filter>
    </ClCompile>
    <ClCompile Include="src\gcoi_sigma\cbrt.cpp">
      <Filter>Source Files</Filter>
    </ClCompile>
    <ClCompile Include="src\gcoi_sigma\cluster.cpp">
      <Filter>Source Files</Filter>
    </ClCompile>
    <ClCompile Include="src\gcoi_sigma\gcoi_sigma.cpp">
      <Filter>Source Files</Filter>
    </ClCompile>
    <ClCompile Include="src\gcoi_sigma\gd.cpp">
      <Filter>Source Files</Filter>
    </ClCompile>
    <ClCompile Include="src\gcoi_sigma\model.cpp">
      <Filter>Source Files</Filter>
    </ClCompile>
    <ClCompile Include="src\gcoi_sigma\swt.cpp">
      <Filter>Source Files</Filter>
    </ClCompile>
    <ClCompile Include="src\gcoi_sigma\zerocros.cpp">
      <Filter>Source Files</Filter>
    </ClCompile>
    <ClCompile Include="src\glottal\open_quotient.cpp">
      <Filter>Source Files</Filter>
    </ClCompile>
    <ClCompile Include="src\lf_fitting\fit.cpp">
      <Filter>Source Files</Filter>
    </ClCompile>
    <ClCompile Include="src\lf_fitting\fit_alpha.cpp">
      <Filter>Source Files</Filter>
    </ClCompile>
    <ClCompile Include="src\lf_fitting\fit_epsilon.cpp">
      <Filter>Source Files</Filter>
    </ClCompile>
    <ClCompile Include="src\lf_fitting\fit_period.cpp">
      <Filter>Source Files</Filter>
    </ClCompile>
    <ClCompile Include="src\lf_fitting\mmse.cpp">
      <Filter>Source Files</Filter>
    </ClCompile>
    <ClCompile Include="src\lf_fitting\model.cpp">
      <Filter>Source Files</Filter>
    </ClCompile>
    <ClCompile Include="src\pitch\pitch_amdf.cpp">
      <Filter>Source Files</Filter>
    </ClCompile>
    <ClCompile Include="src\pitch\pitch_dynwav.cpp">
      <Filter>Source Files</Filter>
    </ClCompile>
    <ClCompile Include="src\window\blackman.cpp">
      <Filter>Source Files</Filter>
    </ClCompile>
    <ClCompile Include="src\window\hamming.cpp">
      <Filter>Source Files</Filter>
    </ClCompile>
    <ClCompile Include="src\window\hanning.cpp">
      <Filter>Source Files</Filter>
    </ClCompile>
  </ItemGroup>
  <ItemGroup>
    <ClInclude Include="inc\ann_oq.h">
      <Filter>Header Files</Filter>
    </ClInclude>
    <ClInclude Include="inc\audio.h">
      <Filter>Header Files</Filter>
    </ClInclude>
    <ClInclude Include="inc\audio_be_file.h">
      <Filter>Header Files</Filter>
    </ClInclude>
    <ClInclude Include="inc\audio_be_oboe.h">
      <Filter>Header Files</Filter>
    </ClInclude>
    <ClInclude Include="inc\audio_be_soundio.h">
      <Filter>Header Files</Filter>
    </ClInclude>
    <ClInclude Include="inc\dijkstra.h">
      <Filter>Header Files</Filter>
    </ClInclude>
    <ClInclude Include="inc\dijkstra_impl.h">
      <Filter>Header Files</Filter>
    </ClInclude>
    <ClInclude Include="inc\dr_flac.h">
      <Filter>Header Files</Filter>
    </ClInclude>
    <ClInclude Include="inc\dr_mp3.h">
      <Filter>Header Files</Filter>
    </ClInclude>
    <ClInclude Include="inc\dr_wav.h">
      <Filter>Header Files</Filter>
    </ClInclude>
    <ClInclude Include="inc\dyprog_lf.h">
      <Filter>Header Files</Filter>
    </ClInclude>
    <ClInclude Include="inc\ekf.h">
      <Filter>Header Files</Filter>
    </ClInclude>
    <ClInclude Include="inc\filter.h">
      <Filter>Header Files</Filter>
    </ClInclude>
    <ClInclude Include="inc\filter_design.h">
      <Filter>Header Files</Filter>
    </ClInclude>
    <ClInclude Include="inc\formants.h">
      <Filter>Header Files</Filter>
    </ClInclude>
    <ClInclude Include="inc\gci_pd.h">
      <Filter>Header Files</Filter>
    </ClInclude>
    <ClInclude Include="inc\gci_sedreams.h">
      <Filter>Header Files</Filter>
    </ClInclude>
    <ClInclude Include="inc\gci_yaga.h">
      <Filter>Header Files</Filter>
    </ClInclude>
    <ClInclude Include="inc\gci_yaga_subroutines.h">
      <Filter>Header Files</Filter>
    </ClInclude>
    <ClInclude Include="inc\gcoi_sigma.h">
      <Filter>Header Files</Filter>
    </ClInclude>
    <ClInclude Include="inc\gcoi_sigma_subs.h">
      <Filter>Header Files</Filter>
    </ClInclude>
    <ClInclude Include="inc\glottal.h">
      <Filter>Header Files</Filter>
    </ClInclude>
    <ClInclude Include="inc\gnuplot.h">
      <Filter>Header Files</Filter>
    </ClInclude>
    <ClInclude Include="inc\iaif.h">
      <Filter>Header Files</Filter>
    </ClInclude>
    <ClInclude Include="inc\k_shortest.h">
      <Filter>Header Files</Filter>
    </ClInclude>
    <ClInclude Include="inc\k_shortest_impl.h">
      <Filter>Header Files</Filter>
    </ClInclude>
    <ClInclude Include="inc\lf_fitting.h">
      <Filter>Header Files</Filter>
    </ClInclude>
    <ClInclude Include="inc\lpc.h">
      <Filter>Header Files</Filter>
    </ClInclude>
    <ClInclude Include="inc\normalize.h">
      <Filter>Header Files</Filter>
    </ClInclude>
    <ClInclude Include="inc\pitch.h">
      <Filter>Header Files</Filter>
    </ClInclude>
    <ClInclude Include="inc\poly.h">
      <Filter>Header Files</Filter>
    </ClInclude>
    <ClInclude Include="inc\print_iter.h">
      <Filter>Header Files</Filter>
    </ClInclude>
    <ClInclude Include="inc\ringbuf.h">
      <Filter>Header Files</Filter>
    </ClInclude>
    <ClInclude Include="inc\roots.h">
      <Filter>Header Files</Filter>
    </ClInclude>
    <ClInclude Include="inc\timer.h">
      <Filter>Header Files</Filter>
    </ClInclude>
    <ClInclude Include="inc\vtl.h">
      <Filter>Header Files</Filter>
    </ClInclude>
    <ClInclude Include="inc\window.h">
      <Filter>Header Files</Filter>
    </ClInclude>
  </ItemGroup>
  <ItemGroup>
    <None Include="src\ann-oq\model.cpp~" />
  </ItemGroup>
</Project>